// !$*UTF8*$!
{
	archiveVersion = 1;
	classes = {
	};
	objectVersion = 55;
	objects = {

/* Begin PBXBuildFile section */
		BA7AA1F5287F005D00A7E2D5 /* PokemonsModels.swift in Sources */ = {isa = PBXBuildFile; fileRef = BA7AA1F4287F005D00A7E2D5 /* PokemonsModels.swift */; };
		BA7AA1F9287F00A400A7E2D5 /* RequestListPokemons.swift in Sources */ = {isa = PBXBuildFile; fileRef = BA7AA1F8287F00A400A7E2D5 /* RequestListPokemons.swift */; };
		BA7AA1FB287F00D600A7E2D5 /* RequestImagePokemons.swift in Sources */ = {isa = PBXBuildFile; fileRef = BA7AA1FA287F00D600A7E2D5 /* RequestImagePokemons.swift */; };
		BAA362DA287DD70C005D65F6 /* AppDelegate.swift in Sources */ = {isa = PBXBuildFile; fileRef = BAA362D9287DD70C005D65F6 /* AppDelegate.swift */; };
		BAA362DC287DD70C005D65F6 /* SceneDelegate.swift in Sources */ = {isa = PBXBuildFile; fileRef = BAA362DB287DD70C005D65F6 /* SceneDelegate.swift */; };
		BAA362DE287DD70C005D65F6 /* HomeViewController.swift in Sources */ = {isa = PBXBuildFile; fileRef = BAA362DD287DD70C005D65F6 /* HomeViewController.swift */; };
		BAA362E1287DD70C005D65F6 /* Main.storyboard in Resources */ = {isa = PBXBuildFile; fileRef = BAA362DF287DD70C005D65F6 /* Main.storyboard */; };
		BAA362E3287DD712005D65F6 /* Assets.xcassets in Resources */ = {isa = PBXBuildFile; fileRef = BAA362E2287DD712005D65F6 /* Assets.xcassets */; };
		BAA362E6287DD712005D65F6 /* LaunchScreen.storyboard in Resources */ = {isa = PBXBuildFile; fileRef = BAA362E4287DD712005D65F6 /* LaunchScreen.storyboard */; };
		BAA362F2287DDC29005D65F6 /* PokemonCell.swift in Sources */ = {isa = PBXBuildFile; fileRef = BAA362F1287DDC29005D65F6 /* PokemonCell.swift */; };
/* End PBXBuildFile section */

/* Begin PBXFileReference section */
		BA7AA1F4287F005D00A7E2D5 /* PokemonsModels.swift */ = {isa = PBXFileReference; lastKnownFileType = sourcecode.swift; path = PokemonsModels.swift; sourceTree = "<group>"; };
		BA7AA1F8287F00A400A7E2D5 /* RequestListPokemons.swift */ = {isa = PBXFileReference; lastKnownFileType = sourcecode.swift; path = RequestListPokemons.swift; sourceTree = "<group>"; };
		BA7AA1FA287F00D600A7E2D5 /* RequestImagePokemons.swift */ = {isa = PBXFileReference; lastKnownFileType = sourcecode.swift; path = RequestImagePokemons.swift; sourceTree = "<group>"; };
		BAA362D6287DD70C005D65F6 /* PokedexApp.app */ = {isa = PBXFileReference; explicitFileType = wrapper.application; includeInIndex = 0; path = PokedexApp.app; sourceTree = BUILT_PRODUCTS_DIR; };
		BAA362D9287DD70C005D65F6 /* AppDelegate.swift */ = {isa = PBXFileReference; lastKnownFileType = sourcecode.swift; path = AppDelegate.swift; sourceTree = "<group>"; };
		BAA362DB287DD70C005D65F6 /* SceneDelegate.swift */ = {isa = PBXFileReference; lastKnownFileType = sourcecode.swift; path = SceneDelegate.swift; sourceTree = "<group>"; };
		BAA362DD287DD70C005D65F6 /* HomeViewController.swift */ = {isa = PBXFileReference; lastKnownFileType = sourcecode.swift; path = HomeViewController.swift; sourceTree = "<group>"; };
		BAA362E0287DD70C005D65F6 /* Base */ = {isa = PBXFileReference; lastKnownFileType = file.storyboard; name = Base; path = Base.lproj/Main.storyboard; sourceTree = "<group>"; };
		BAA362E2287DD712005D65F6 /* Assets.xcassets */ = {isa = PBXFileReference; lastKnownFileType = folder.assetcatalog; path = Assets.xcassets; sourceTree = "<group>"; };
		BAA362E5287DD712005D65F6 /* Base */ = {isa = PBXFileReference; lastKnownFileType = file.storyboard; name = Base; path = Base.lproj/LaunchScreen.storyboard; sourceTree = "<group>"; };
		BAA362E7287DD712005D65F6 /* Info.plist */ = {isa = PBXFileReference; lastKnownFileType = text.plist.xml; path = Info.plist; sourceTree = "<group>"; };
		BAA362F1287DDC29005D65F6 /* PokemonCell.swift */ = {isa = PBXFileReference; lastKnownFileType = sourcecode.swift; path = PokemonCell.swift; sourceTree = "<group>"; };
/* End PBXFileReference section */

/* Begin PBXFrameworksBuildPhase section */
		BAA362D3287DD70C005D65F6 /* Frameworks */ = {
			isa = PBXFrameworksBuildPhase;
			buildActionMask = 2147483647;
			files = (
			);
			runOnlyForDeploymentPostprocessing = 0;
		};
/* End PBXFrameworksBuildPhase section */

/* Begin PBXGroup section */
		BA7AA1F6287F007C00A7E2D5 /* Services */ = {
			isa = PBXGroup;
			children = (
				BA7AA1F8287F00A400A7E2D5 /* RequestListPokemons.swift */,
				BA7AA1FA287F00D600A7E2D5 /* RequestImagePokemons.swift */,
			);
			path = Services;
			sourceTree = "<group>";
		};
		BAA362CD287DD70C005D65F6 = {
			isa = PBXGroup;
			children = (
				BAA362D8287DD70C005D65F6 /* PokedexApp */,
				BAA362D7287DD70C005D65F6 /* Products */,
			);
			sourceTree = "<group>";
		};
		BAA362D7287DD70C005D65F6 /* Products */ = {
			isa = PBXGroup;
			children = (
				BAA362D6287DD70C005D65F6 /* PokedexApp.app */,
			);
			name = Products;
			sourceTree = "<group>";
		};
		BAA362D8287DD70C005D65F6 /* PokedexApp */ = {
			isa = PBXGroup;
			children = (
				BAA362D9287DD70C005D65F6 /* AppDelegate.swift */,
				BAA362DB287DD70C005D65F6 /* SceneDelegate.swift */,
				BAA362EF287DD7C9005D65F6 /* Models */,
				BAA362ED287DD7AD005D65F6 /* Controller */,
				BAA362EE287DD7BE005D65F6 /* View */,
				BAA362E2287DD712005D65F6 /* Assets.xcassets */,
				BAA362E4287DD712005D65F6 /* LaunchScreen.storyboard */,
				BAA362E7287DD712005D65F6 /* Info.plist */,
			);
			path = PokedexApp;
			sourceTree = "<group>";
		};
		BAA362ED287DD7AD005D65F6 /* Controller */ = {
			isa = PBXGroup;
			children = (
				BAA362DD287DD70C005D65F6 /* HomeViewController.swift */,
			);
			path = Controller;
			sourceTree = "<group>";
		};
		BAA362EE287DD7BE005D65F6 /* View */ = {
			isa = PBXGroup;
			children = (
				BAA362F0287DD834005D65F6 /* CustomCell */,
				BAA362DF287DD70C005D65F6 /* Main.storyboard */,
			);
			path = View;
			sourceTree = "<group>";
		};
		BAA362EF287DD7C9005D65F6 /* Models */ = {
			isa = PBXGroup;
			children = (
				BA7AA1F6287F007C00A7E2D5 /* Services */,
				BA7AA1F4287F005D00A7E2D5 /* PokemonsModels.swift */,
			);
			path = Models;
			sourceTree = "<group>";
		};
		BAA362F0287DD834005D65F6 /* CustomCell */ = {
			isa = PBXGroup;
			children = (
				BAA362F1287DDC29005D65F6 /* PokemonCell.swift */,
			);
			path = CustomCell;
			sourceTree = "<group>";
		};
/* End PBXGroup section */

/* Begin PBXNativeTarget section */
		BAA362D5287DD70C005D65F6 /* PokedexApp */ = {
			isa = PBXNativeTarget;
			buildConfigurationList = BAA362EA287DD712005D65F6 /* Build configuration list for PBXNativeTarget "PokedexApp" */;
			buildPhases = (
				BAA362D2287DD70C005D65F6 /* Sources */,
				BAA362D3287DD70C005D65F6 /* Frameworks */,
				BAA362D4287DD70C005D65F6 /* Resources */,
			);
			buildRules = (
			);
			dependencies = (
			);
			name = PokedexApp;
			productName = PokedexApp;
			productReference = BAA362D6287DD70C005D65F6 /* PokedexApp.app */;
			productType = "com.apple.product-type.application";
		};
/* End PBXNativeTarget section */

/* Begin PBXProject section */
		BAA362CE287DD70C005D65F6 /* Project object */ = {
			isa = PBXProject;
			attributes = {
				BuildIndependentTargetsInParallel = 1;
				LastSwiftUpdateCheck = 1320;
				LastUpgradeCheck = 1320;
				TargetAttributes = {
					BAA362D5287DD70C005D65F6 = {
						CreatedOnToolsVersion = 13.2.1;
					};
				};
			};
			buildConfigurationList = BAA362D1287DD70C005D65F6 /* Build configuration list for PBXProject "PokedexApp" */;
			compatibilityVersion = "Xcode 13.0";
			developmentRegion = en;
			hasScannedForEncodings = 0;
			knownRegions = (
				en,
				Base,
			);
			mainGroup = BAA362CD287DD70C005D65F6;
			productRefGroup = BAA362D7287DD70C005D65F6 /* Products */;
			projectDirPath = "";
			projectRoot = "";
			targets = (
				BAA362D5287DD70C005D65F6 /* PokedexApp */,
			);
		};
/* End PBXProject section */

/* Begin PBXResourcesBuildPhase section */
		BAA362D4287DD70C005D65F6 /* Resources */ = {
			isa = PBXResourcesBuildPhase;
			buildActionMask = 2147483647;
			files = (
				BAA362E6287DD712005D65F6 /* LaunchScreen.storyboard in Resources */,
				BAA362E3287DD712005D65F6 /* Assets.xcassets in Resources */,
				BAA362E1287DD70C005D65F6 /* Main.storyboard in Resources */,
			);
			runOnlyForDeploymentPostprocessing = 0;
		};
/* End PBXResourcesBuildPhase section */

/* Begin PBXSourcesBuildPhase section */
		BAA362D2287DD70C005D65F6 /* Sources */ = {
			isa = PBXSourcesBuildPhase;
			buildActionMask = 2147483647;
			files = (
				BAA362DE287DD70C005D65F6 /* HomeViewController.swift in Sources */,
				BA7AA1FB287F00D600A7E2D5 /* RequestImagePokemons.swift in Sources */,
				BA7AA1F5287F005D00A7E2D5 /* PokemonsModels.swift in Sources */,
				BAA362F2287DDC29005D65F6 /* PokemonCell.swift in Sources */,
				BA7AA1F9287F00A400A7E2D5 /* RequestListPokemons.swift in Sources */,
				BAA362DA287DD70C005D65F6 /* AppDelegate.swift in Sources */,
				BAA362DC287DD70C005D65F6 /* SceneDelegate.swift in Sources */,
			);
			runOnlyForDeploymentPostprocessing = 0;
		};
/* End PBXSourcesBuildPhase section */

/* Begin PBXVariantGroup section */
		BAA362DF287DD70C005D65F6 /* Main.storyboard */ = {
			isa = PBXVariantGroup;
			children = (
				BAA362E0287DD70C005D65F6 /* Base */,
			);
			name = Main.storyboard;
			sourceTree = "<group>";
		};
		BAA362E4287DD712005D65F6 /* LaunchScreen.storyboard */ = {
			isa = PBXVariantGroup;
			children = (
				BAA362E5287DD712005D65F6 /* Base */,
			);
			name = LaunchScreen.storyboard;
			sourceTree = "<group>";
		};
/* End PBXVariantGroup section */

/* Begin XCBuildConfiguration section */
		BAA362E8287DD712005D65F6 /* Debug */ = {
			isa = XCBuildConfiguration;
			buildSettings = {
				ALWAYS_SEARCH_USER_PATHS = NO;
				CLANG_ANALYZER_NONNULL = YES;
				CLANG_ANALYZER_NUMBER_OBJECT_CONVERSION = YES_AGGRESSIVE;
				CLANG_CXX_LANGUAGE_STANDARD = "gnu++17";
				CLANG_CXX_LIBRARY = "libc++";
				CLANG_ENABLE_MODULES = YES;
				CLANG_ENABLE_OBJC_ARC = YES;
				CLANG_ENABLE_OBJC_WEAK = YES;
				CLANG_WARN_BLOCK_CAPTURE_AUTORELEASING = YES;
				CLANG_WARN_BOOL_CONVERSION = YES;
				CLANG_WARN_COMMA = YES;
				CLANG_WARN_CONSTANT_CONVERSION = YES;
				CLANG_WARN_DEPRECATED_OBJC_IMPLEMENTATIONS = YES;
				CLANG_WARN_DIRECT_OBJC_ISA_USAGE = YES_ERROR;
				CLANG_WARN_DOCUMENTATION_COMMENTS = YES;
				CLANG_WARN_EMPTY_BODY = YES;
				CLANG_WARN_ENUM_CONVERSION = YES;
				CLANG_WARN_INFINITE_RECURSION = YES;
				CLANG_WARN_INT_CONVERSION = YES;
				CLANG_WARN_NON_LITERAL_NULL_CONVERSION = YES;
				CLANG_WARN_OBJC_IMPLICIT_RETAIN_SELF = YES;
				CLANG_WARN_OBJC_LITERAL_CONVERSION = YES;
				CLANG_WARN_OBJC_ROOT_CLASS = YES_ERROR;
				CLANG_WARN_QUOTED_INCLUDE_IN_FRAMEWORK_HEADER = YES;
				CLANG_WARN_RANGE_LOOP_ANALYSIS = YES;
				CLANG_WARN_STRICT_PROTOTYPES = YES;
				CLANG_WARN_SUSPICIOUS_MOVE = YES;
				CLANG_WARN_UNGUARDED_AVAILABILITY = YES_AGGRESSIVE;
				CLANG_WARN_UNREACHABLE_CODE = YES;
				CLANG_WARN__DUPLICATE_METHOD_MATCH = YES;
				COPY_PHASE_STRIP = NO;
				DEBUG_INFORMATION_FORMAT = dwarf;
				ENABLE_STRICT_OBJC_MSGSEND = YES;
				ENABLE_TESTABILITY = YES;
				GCC_C_LANGUAGE_STANDARD = gnu11;
				GCC_DYNAMIC_NO_PIC = NO;
				GCC_NO_COMMON_BLOCKS = YES;
				GCC_OPTIMIZATION_LEVEL = 0;
				GCC_PREPROCESSOR_DEFINITIONS = (
					"DEBUG=1",
					"$(inherited)",
				);
				GCC_WARN_64_TO_32_BIT_CONVERSION = YES;
				GCC_WARN_ABOUT_RETURN_TYPE = YES_ERROR;
				GCC_WARN_UNDECLARED_SELECTOR = YES;
				GCC_WARN_UNINITIALIZED_AUTOS = YES_AGGRESSIVE;
				GCC_WARN_UNUSED_FUNCTION = YES;
				GCC_WARN_UNUSED_VARIABLE = YES;
				IPHONEOS_DEPLOYMENT_TARGET = 15.2;
				MTL_ENABLE_DEBUG_INFO = INCLUDE_SOURCE;
				MTL_FAST_MATH = YES;
				ONLY_ACTIVE_ARCH = YES;
				SDKROOT = iphoneos;
				SWIFT_ACTIVE_COMPILATION_CONDITIONS = DEBUG;
				SWIFT_OPTIMIZATION_LEVEL = "-Onone";
			};
			name = Debug;
		};
		BAA362E9287DD712005D65F6 /* Release */ = {
			isa = XCBuildConfiguration;
			buildSettings = {
				ALWAYS_SEARCH_USER_PATHS = NO;
				CLANG_ANALYZER_NONNULL = YES;
				CLANG_ANALYZER_NUMBER_OBJECT_CONVERSION = YES_AGGRESSIVE;
				CLANG_CXX_LANGUAGE_STANDARD = "gnu++17";
				CLANG_CXX_LIBRARY = "libc++";
				CLANG_ENABLE_MODULES = YES;
				CLANG_ENABLE_OBJC_ARC = YES;
				CLANG_ENABLE_OBJC_WEAK = YES;
				CLANG_WARN_BLOCK_CAPTURE_AUTORELEASING = YES;
				CLANG_WARN_BOOL_CONVERSION = YES;
				CLANG_WARN_COMMA = YES;
				CLANG_WARN_CONSTANT_CONVERSION = YES;
				CLANG_WARN_DEPRECATED_OBJC_IMPLEMENTATIONS = YES;
				CLANG_WARN_DIRECT_OBJC_ISA_USAGE = YES_ERROR;
				CLANG_WARN_DOCUMENTATION_COMMENTS = YES;
				CLANG_WARN_EMPTY_BODY = YES;
				CLANG_WARN_ENUM_CONVERSION = YES;
				CLANG_WARN_INFINITE_RECURSION = YES;
				CLANG_WARN_INT_CONVERSION = YES;
				CLANG_WARN_NON_LITERAL_NULL_CONVERSION = YES;
				CLANG_WARN_OBJC_IMPLICIT_RETAIN_SELF = YES;
				CLANG_WARN_OBJC_LITERAL_CONVERSION = YES;
				CLANG_WARN_OBJC_ROOT_CLASS = YES_ERROR;
				CLANG_WARN_QUOTED_INCLUDE_IN_FRAMEWORK_HEADER = YES;
				CLANG_WARN_RANGE_LOOP_ANALYSIS = YES;
				CLANG_WARN_STRICT_PROTOTYPES = YES;
				CLANG_WARN_SUSPICIOUS_MOVE = YES;
				CLANG_WARN_UNGUARDED_AVAILABILITY = YES_AGGRESSIVE;
				CLANG_WARN_UNREACHABLE_CODE = YES;
				CLANG_WARN__DUPLICATE_METHOD_MATCH = YES;
				COPY_PHASE_STRIP = NO;
				DEBUG_INFORMATION_FORMAT = "dwarf-with-dsym";
				ENABLE_NS_ASSERTIONS = NO;
				ENABLE_STRICT_OBJC_MSGSEND = YES;
				GCC_C_LANGUAGE_STANDARD = gnu11;
				GCC_NO_COMMON_BLOCKS = YES;
				GCC_WARN_64_TO_32_BIT_CONVERSION = YES;
				GCC_WARN_ABOUT_RETURN_TYPE = YES_ERROR;
				GCC_WARN_UNDECLARED_SELECTOR = YES;
				GCC_WARN_UNINITIALIZED_AUTOS = YES_AGGRESSIVE;
				GCC_WARN_UNUSED_FUNCTION = YES;
				GCC_WARN_UNUSED_VARIABLE = YES;
				IPHONEOS_DEPLOYMENT_TARGET = 15.2;
				MTL_ENABLE_DEBUG_INFO = NO;
				MTL_FAST_MATH = YES;
				SDKROOT = iphoneos;
				SWIFT_COMPILATION_MODE = wholemodule;
				SWIFT_OPTIMIZATION_LEVEL = "-O";
				VALIDATE_PRODUCT = YES;
			};
			name = Release;
		};
		BAA362EB287DD712005D65F6 /* Debug */ = {
			isa = XCBuildConfiguration;
			buildSettings = {
				ASSETCATALOG_COMPILER_APPICON_NAME = AppIcon;
				ASSETCATALOG_COMPILER_GLOBAL_ACCENT_COLOR_NAME = AccentColor;
				CODE_SIGN_STYLE = Automatic;
				CURRENT_PROJECT_VERSION = 1;
				GENERATE_INFOPLIST_FILE = YES;
				INFOPLIST_FILE = PokedexApp/Info.plist;
				INFOPLIST_KEY_UIApplicationSupportsIndirectInputEvents = YES;
				INFOPLIST_KEY_UILaunchStoryboardName = LaunchScreen;
				INFOPLIST_KEY_UIMainStoryboardFile = Main;
				INFOPLIST_KEY_UISupportedInterfaceOrientations_iPad = "UIInterfaceOrientationPortrait UIInterfaceOrientationPortraitUpsideDown UIInterfaceOrientationLandscapeLeft UIInterfaceOrientationLandscapeRight";
				INFOPLIST_KEY_UISupportedInterfaceOrientations_iPhone = "UIInterfaceOrientationPortrait UIInterfaceOrientationLandscapeLeft UIInterfaceOrientationLandscapeRight";
				LD_RUNPATH_SEARCH_PATHS = (
					"$(inherited)",
					"@executable_path/Frameworks",
				);
				MARKETING_VERSION = 1.0;
				PRODUCT_BUNDLE_IDENTIFIER = br.com.example.PokedexApp;
				PRODUCT_NAME = "$(TARGET_NAME)";
				SWIFT_EMIT_LOC_STRINGS = YES;
				SWIFT_VERSION = 5.0;
				TARGETED_DEVICE_FAMILY = "1,2";
			};
			name = Debug;
		};
		BAA362EC287DD712005D65F6 /* Release */ = {
			isa = XCBuildConfiguration;
			buildSettings = {
				ASSETCATALOG_COMPILER_APPICON_NAME = AppIcon;
				ASSETCATALOG_COMPILER_GLOBAL_ACCENT_COLOR_NAME = AccentColor;
				CODE_SIGN_STYLE = Automatic;
				CURRENT_PROJECT_VERSION = 1;
				GENERATE_INFOPLIST_FILE = YES;
				INFOPLIST_FILE = PokedexApp/Info.plist;
				INFOPLIST_KEY_UIApplicationSupportsIndirectInputEvents = YES;
				INFOPLIST_KEY_UILaunchStoryboardName = LaunchScreen;
				INFOPLIST_KEY_UIMainStoryboardFile = Main;
				INFOPLIST_KEY_UISupportedInterfaceOrientations_iPad = "UIInterfaceOrientationPortrait UIInterfaceOrientationPortraitUpsideDown UIInterfaceOrientationLandscapeLeft UIInterfaceOrientationLandscapeRight";
				INFOPLIST_KEY_UISupportedInterfaceOrientations_iPhone = "UIInterfaceOrientationPortrait UIInterfaceOrientationLandscapeLeft UIInterfaceOrientationLandscapeRight";
				LD_RUNPATH_SEARCH_PATHS = (
					"$(inherited)",
					"@executable_path/Frameworks",
				);
				MARKETING_VERSION = 1.0;
				PRODUCT_BUNDLE_IDENTIFIER = br.com.example.PokedexApp;
				PRODUCT_NAME = "$(TARGET_NAME)";
				SWIFT_EMIT_LOC_STRINGS = YES;
				SWIFT_VERSION = 5.0;
				TARGETED_DEVICE_FAMILY = "1,2";
			};
			name = Release;
		};
/* End XCBuildConfiguration section */

/* Begin XCConfigurationList section */
		BAA362D1287DD70C005D65F6 /* Build configuration list for PBXProject "PokedexApp" */ = {
			isa = XCConfigurationList;
			buildConfigurations = (
				BAA362E8287DD712005D65F6 /* Debug */,
				BAA362E9287DD712005D65F6 /* Release */,
			);
			defaultConfigurationIsVisible = 0;
			defaultConfigurationName = Release;
		};
		BAA362EA287DD712005D65F6 /* Build configuration list for PBXNativeTarget "PokedexApp" */ = {
			isa = XCConfigurationList;
			buildConfigurations = (
				BAA362EB287DD712005D65F6 /* Debug */,
				BAA362EC287DD712005D65F6 /* Release */,
			);
			defaultConfigurationIsVisible = 0;
			defaultConfigurationName = Release;
		};
/* End XCConfigurationList section */
	};
	rootObject = BAA362CE287DD70C005D65F6 /* Project object */;
}
